
Microsoft Visual Studio Solution File, Format Version 11.00
# Visual Studio 2010
Project("{FAE04EC0-301F-11D3-BF4B-00C04F79EFBC}") = "Assembly-CSharp-firstpass", "Assembly-CSharp-firstpass.csproj", "{d255ce2b-e2ce-2eaf-a3f8-963fa8aa3ada}"
EndProject
Project("{FAE04EC0-301F-11D3-BF4B-00C04F79EFBC}") = "Assembly-CSharp", "Assembly-CSharp.csproj", "{16a0f6e9-512e-de0b-bade-0af8bebf4684}"
EndProject
Project("{FAE04EC0-301F-11D3-BF4B-00C04F79EFBC}") = "Assembly-CSharp-Editor", "Assembly-CSharp-Editor.csproj", "{c0d7c025-76b8-e294-d93a-8c88ea739d24}"
EndProject
Global
	GlobalSection(SolutionConfigurationPlatforms) = preSolution
		Debug|Any CPU = Debug|Any CPU
		Release|Any CPU = Release|Any CPU
	EndGlobalSection
	GlobalSection(ProjectConfigurationPlatforms) = postSolution
		{d255ce2b-e2ce-2eaf-a3f8-963fa8aa3ada}.Debug|Any CPU.ActiveCfg = Debug|Any CPU
		{d255ce2b-e2ce-2eaf-a3f8-963fa8aa3ada}.Debug|Any CPU.Build.0 = Debug|Any CPU
		{d255ce2b-e2ce-2eaf-a3f8-963fa8aa3ada}.Release|Any CPU.ActiveCfg = Release|Any CPU
		{d255ce2b-e2ce-2eaf-a3f8-963fa8aa3ada}.Release|Any CPU.Build.0 = Release|Any CPU
		{16a0f6e9-512e-de0b-bade-0af8bebf4684}.Debug|Any CPU.ActiveCfg = Debug|Any CPU
		{16a0f6e9-512e-de0b-bade-0af8bebf4684}.Debug|Any CPU.Build.0 = Debug|Any CPU
		{16a0f6e9-512e-de0b-bade-0af8bebf4684}.Release|Any CPU.ActiveCfg = Release|Any CPU
		{16a0f6e9-512e-de0b-bade-0af8bebf4684}.Release|Any CPU.Build.0 = Release|Any CPU
		{c0d7c025-76b8-e294-d93a-8c88ea739d24}.Debug|Any CPU.ActiveCfg = Debug|Any CPU
		{c0d7c025-76b8-e294-d93a-8c88ea739d24}.Debug|Any CPU.Build.0 = Debug|Any CPU
		{c0d7c025-76b8-e294-d93a-8c88ea739d24}.Release|Any CPU.ActiveCfg = Release|Any CPU
		{c0d7c025-76b8-e294-d93a-8c88ea739d24}.Release|Any CPU.Build.0 = Release|Any CPU
	EndGlobalSection
	GlobalSection(SolutionProperties) = preSolution
		HideSolutionNode = FALSE
	EndGlobalSection
EndGlobal
